
Microsoft Visual Studio Solution File, Format Version 12.00
# Visual Studio Version 17
VisualStudioVersion = 17.6.33815.320
MinimumVisualStudioVersion = 10.0.40219.1
Project("{FAE04EC0-301F-11D3-BF4B-00C04F79EFBC}") = "EPSSEditor", "EPSSEditor\EPSSEditor.csproj", "{3C942826-207B-46A7-80FD-7B7B384135C7}"
EndProject
Project("{9A19103F-16F7-4668-BE54-9A1E7A4F7556}") = "Installer", "Installer\Installer.csproj", "{312F3A82-6F63-4585-92A3-78B57206C232}"
	ProjectSection(ProjectDependencies) = postProject
		{3C942826-207B-46A7-80FD-7B7B384135C7} = {3C942826-207B-46A7-80FD-7B7B384135C7}
	EndProjectSection
EndProject
Project("{FAE04EC0-301F-11D3-BF4B-00C04F79EFBC}") = "MidiUI", "..\..\MidiSlicer\MidiUI\MidiUI.csproj", "{48CB7C41-46DE-44D4-B501-6DB430D00607}"
EndProject
Project("{FAE04EC0-301F-11D3-BF4B-00C04F79EFBC}") = "MidiKeys", "..\..\MidiSlicer\MidiKeys\MidiKeys.csproj", "{B3C4AAAF-54CA-4DBC-B56E-838B42E7C039}"
	ProjectSection(ProjectDependencies) = postProject
		{2CEE0914-509B-40BF-975C-B523434578DB} = {2CEE0914-509B-40BF-975C-B523434578DB}
	EndProjectSection
EndProject
Project("{FAE04EC0-301F-11D3-BF4B-00C04F79EFBC}") = "Midi", "..\..\MidiSlicer\Midi\Midi.csproj", "{2CEE0914-509B-40BF-975C-B523434578DB}"
EndProject
Global
	GlobalSection(SolutionConfigurationPlatforms) = preSolution
		Debug|Any CPU = Debug|Any CPU
		Release|Any CPU = Release|Any CPU
	EndGlobalSection
	GlobalSection(ProjectConfigurationPlatforms) = postSolution
		{3C942826-207B-46A7-80FD-7B7B384135C7}.Debug|Any CPU.ActiveCfg = Debug|Any CPU
		{3C942826-207B-46A7-80FD-7B7B384135C7}.Debug|Any CPU.Build.0 = Debug|Any CPU
		{3C942826-207B-46A7-80FD-7B7B384135C7}.Release|Any CPU.ActiveCfg = Release|Any CPU
		{3C942826-207B-46A7-80FD-7B7B384135C7}.Release|Any CPU.Build.0 = Release|Any CPU
		{312F3A82-6F63-4585-92A3-78B57206C232}.Debug|Any CPU.ActiveCfg = Debug|Any CPU
		{312F3A82-6F63-4585-92A3-78B57206C232}.Debug|Any CPU.Build.0 = Debug|Any CPU
		{312F3A82-6F63-4585-92A3-78B57206C232}.Release|Any CPU.ActiveCfg = Release|Any CPU
		{312F3A82-6F63-4585-92A3-78B57206C232}.Release|Any CPU.Build.0 = Release|Any CPU
		{48CB7C41-46DE-44D4-B501-6DB430D00607}.Debug|Any CPU.ActiveCfg = Debug|Any CPU
		{48CB7C41-46DE-44D4-B501-6DB430D00607}.Debug|Any CPU.Build.0 = Debug|Any CPU
		{48CB7C41-46DE-44D4-B501-6DB430D00607}.Release|Any CPU.ActiveCfg = Release|Any CPU
		{48CB7C41-46DE-44D4-B501-6DB430D00607}.Release|Any CPU.Build.0 = Release|Any CPU
		{B3C4AAAF-54CA-4DBC-B56E-838B42E7C039}.Debug|Any CPU.ActiveCfg = Debug|Any CPU
		{B3C4AAAF-54CA-4DBC-B56E-838B42E7C039}.Debug|Any CPU.Build.0 = Debug|Any CPU
		{B3C4AAAF-54CA-4DBC-B56E-838B42E7C039}.Release|Any CPU.ActiveCfg = Release|Any CPU
		{B3C4AAAF-54CA-4DBC-B56E-838B42E7C039}.Release|Any CPU.Build.0 = Release|Any CPU
		{2CEE0914-509B-40BF-975C-B523434578DB}.Debug|Any CPU.ActiveCfg = Debug|Any CPU
		{2CEE0914-509B-40BF-975C-B523434578DB}.Debug|Any CPU.Build.0 = Debug|Any CPU
		{2CEE0914-509B-40BF-975C-B523434578DB}.Release|Any CPU.ActiveCfg = Release|Any CPU
		{2CEE0914-509B-40BF-975C-B523434578DB}.Release|Any CPU.Build.0 = Release|Any CPU
	EndGlobalSection
	GlobalSection(SolutionProperties) = preSolution
		HideSolutionNode = FALSE
	EndGlobalSection
	GlobalSection(ExtensibilityGlobals) = postSolution
		SolutionGuid = {6467994F-BB92-4CCC-B2FE-EED20586A473}
	EndGlobalSection
EndGlobal
