
Microsoft Visual Studio Solution File, Format Version 12.00
# Visual Studio Version 17
VisualStudioVersion = 17.6.33815.320
MinimumVisualStudioVersion = 10.0.40219.1
Project("{FAE04EC0-301F-11D3-BF4B-00C04F79EFBC}") = "EPSSEditor", "EPSSEditor\EPSSEditor.csproj", "{3C942826-207B-46A7-80FD-7B7B384135C7}"
EndProject
Project("{9A19103F-16F7-4668-BE54-9A1E7A4F7556}") = "Installer", "Installer\Installer.csproj", "{312F3A82-6F63-4585-92A3-78B57206C232}"
	ProjectSection(ProjectDependencies) = postProject
		{3C942826-207B-46A7-80FD-7B7B384135C7} = {3C942826-207B-46A7-80FD-7B7B384135C7}
	EndProjectSection
EndProject
Project("{FAE04EC0-301F-11D3-BF4B-00C04F79EFBC}") = "MidiUI", "..\..\MidiSlicer\MidiUI\MidiUI.csproj", "{48CB7C41-46DE-44D4-B501-6DB430D00607}"
EndProject
Project("{FAE04EC0-301F-11D3-BF4B-00C04F79EFBC}") = "MidiKeys", "..\..\MidiSlicer\MidiKeys\MidiKeys.csproj", "{B3C4AAAF-54CA-4DBC-B56E-838B42E7C039}"
	ProjectSection(ProjectDependencies) = postProject
		{2CEE0914-509B-40BF-975C-B523434578DB} = {2CEE0914-509B-40BF-975C-B523434578DB}
	EndProjectSection
EndProject
Project("{FAE04EC0-301F-11D3-BF4B-00C04F79EFBC}") = "Midi", "..\..\MidiSlicer\Midi\Midi.csproj", "{2CEE0914-509B-40BF-975C-B523434578DB}"
EndProject
Project("{9A19103F-16F7-4668-BE54-9A1E7A4F7556}") = "NAudio.Core", "..\..\NAudio\NAudio.Core\NAudio.Core.csproj", "{485832F0-61A4-4416-B157-5F92C1F9DF40}"
EndProject
Project("{9A19103F-16F7-4668-BE54-9A1E7A4F7556}") = "NAudio.Midi", "..\..\NAudio\NAudio.Midi\NAudio.Midi.csproj", "{6083CD7A-4AAC-4740-8382-8384C613E217}"
EndProject
Project("{9A19103F-16F7-4668-BE54-9A1E7A4F7556}") = "NAudio.WinMM", "..\..\NAudio\NAudio.WinMM\NAudio.WinMM.csproj", "{814934F1-F959-4C34-9188-64F2A8119188}"
EndProject
Project("{9A19103F-16F7-4668-BE54-9A1E7A4F7556}") = "NAudio", "..\..\NAudio\NAudio\NAudio.csproj", "{CEF51E49-9B21-4293-9081-91361B908A2F}"
EndProject
Project("{9A19103F-16F7-4668-BE54-9A1E7A4F7556}") = "NAudio.Asio", "..\..\NAudio\NAudio.Asio\NAudio.Asio.csproj", "{5FE36531-505F-4931-BBD3-4D37B6EA87E7}"
EndProject
Project("{9A19103F-16F7-4668-BE54-9A1E7A4F7556}") = "NAudio.WinForms", "..\..\NAudio\NAudio.WinForms\NAudio.WinForms.csproj", "{8ED3F149-5231-4ABA-9013-7F6BD57CEC59}"
EndProject
Global
	GlobalSection(SolutionConfigurationPlatforms) = preSolution
		Debug|Any CPU = Debug|Any CPU
		Release|Any CPU = Release|Any CPU
	EndGlobalSection
	GlobalSection(ProjectConfigurationPlatforms) = postSolution
		{3C942826-207B-46A7-80FD-7B7B384135C7}.Debug|Any CPU.ActiveCfg = Debug|Any CPU
		{3C942826-207B-46A7-80FD-7B7B384135C7}.Debug|Any CPU.Build.0 = Debug|Any CPU
		{3C942826-207B-46A7-80FD-7B7B384135C7}.Release|Any CPU.ActiveCfg = Release|Any CPU
		{3C942826-207B-46A7-80FD-7B7B384135C7}.Release|Any CPU.Build.0 = Release|Any CPU
		{312F3A82-6F63-4585-92A3-78B57206C232}.Debug|Any CPU.ActiveCfg = Debug|Any CPU
		{312F3A82-6F63-4585-92A3-78B57206C232}.Debug|Any CPU.Build.0 = Debug|Any CPU
		{312F3A82-6F63-4585-92A3-78B57206C232}.Release|Any CPU.ActiveCfg = Release|Any CPU
		{312F3A82-6F63-4585-92A3-78B57206C232}.Release|Any CPU.Build.0 = Release|Any CPU
		{48CB7C41-46DE-44D4-B501-6DB430D00607}.Debug|Any CPU.ActiveCfg = Debug|Any CPU
		{48CB7C41-46DE-44D4-B501-6DB430D00607}.Debug|Any CPU.Build.0 = Debug|Any CPU
		{48CB7C41-46DE-44D4-B501-6DB430D00607}.Release|Any CPU.ActiveCfg = Release|Any CPU
		{48CB7C41-46DE-44D4-B501-6DB430D00607}.Release|Any CPU.Build.0 = Release|Any CPU
		{B3C4AAAF-54CA-4DBC-B56E-838B42E7C039}.Debug|Any CPU.ActiveCfg = Debug|Any CPU
		{B3C4AAAF-54CA-4DBC-B56E-838B42E7C039}.Debug|Any CPU.Build.0 = Debug|Any CPU
		{B3C4AAAF-54CA-4DBC-B56E-838B42E7C039}.Release|Any CPU.ActiveCfg = Release|Any CPU
		{B3C4AAAF-54CA-4DBC-B56E-838B42E7C039}.Release|Any CPU.Build.0 = Release|Any CPU
		{2CEE0914-509B-40BF-975C-B523434578DB}.Debug|Any CPU.ActiveCfg = Debug|Any CPU
		{2CEE0914-509B-40BF-975C-B523434578DB}.Debug|Any CPU.Build.0 = Debug|Any CPU
		{2CEE0914-509B-40BF-975C-B523434578DB}.Release|Any CPU.ActiveCfg = Release|Any CPU
		{2CEE0914-509B-40BF-975C-B523434578DB}.Release|Any CPU.Build.0 = Release|Any CPU
		{485832F0-61A4-4416-B157-5F92C1F9DF40}.Debug|Any CPU.ActiveCfg = Debug|Any CPU
		{485832F0-61A4-4416-B157-5F92C1F9DF40}.Debug|Any CPU.Build.0 = Debug|Any CPU
		{485832F0-61A4-4416-B157-5F92C1F9DF40}.Release|Any CPU.ActiveCfg = Release|Any CPU
		{485832F0-61A4-4416-B157-5F92C1F9DF40}.Release|Any CPU.Build.0 = Release|Any CPU
		{6083CD7A-4AAC-4740-8382-8384C613E217}.Debug|Any CPU.ActiveCfg = Debug|Any CPU
		{6083CD7A-4AAC-4740-8382-8384C613E217}.Debug|Any CPU.Build.0 = Debug|Any CPU
		{6083CD7A-4AAC-4740-8382-8384C613E217}.Release|Any CPU.ActiveCfg = Release|Any CPU
		{6083CD7A-4AAC-4740-8382-8384C613E217}.Release|Any CPU.Build.0 = Release|Any CPU
		{814934F1-F959-4C34-9188-64F2A8119188}.Debug|Any CPU.ActiveCfg = Debug|Any CPU
		{814934F1-F959-4C34-9188-64F2A8119188}.Debug|Any CPU.Build.0 = Debug|Any CPU
		{814934F1-F959-4C34-9188-64F2A8119188}.Release|Any CPU.ActiveCfg = Release|Any CPU
		{814934F1-F959-4C34-9188-64F2A8119188}.Release|Any CPU.Build.0 = Release|Any CPU
		{CEF51E49-9B21-4293-9081-91361B908A2F}.Debug|Any CPU.ActiveCfg = Debug|Any CPU
		{CEF51E49-9B21-4293-9081-91361B908A2F}.Debug|Any CPU.Build.0 = Debug|Any CPU
		{CEF51E49-9B21-4293-9081-91361B908A2F}.Release|Any CPU.ActiveCfg = Release|Any CPU
		{CEF51E49-9B21-4293-9081-91361B908A2F}.Release|Any CPU.Build.0 = Release|Any CPU
		{5FE36531-505F-4931-BBD3-4D37B6EA87E7}.Debug|Any CPU.ActiveCfg = Debug|Any CPU
		{5FE36531-505F-4931-BBD3-4D37B6EA87E7}.Debug|Any CPU.Build.0 = Debug|Any CPU
		{5FE36531-505F-4931-BBD3-4D37B6EA87E7}.Release|Any CPU.ActiveCfg = Release|Any CPU
		{5FE36531-505F-4931-BBD3-4D37B6EA87E7}.Release|Any CPU.Build.0 = Release|Any CPU
		{8ED3F149-5231-4ABA-9013-7F6BD57CEC59}.Debug|Any CPU.ActiveCfg = Debug|Any CPU
		{8ED3F149-5231-4ABA-9013-7F6BD57CEC59}.Debug|Any CPU.Build.0 = Debug|Any CPU
		{8ED3F149-5231-4ABA-9013-7F6BD57CEC59}.Release|Any CPU.ActiveCfg = Release|Any CPU
		{8ED3F149-5231-4ABA-9013-7F6BD57CEC59}.Release|Any CPU.Build.0 = Release|Any CPU
	EndGlobalSection
	GlobalSection(SolutionProperties) = preSolution
		HideSolutionNode = FALSE
	EndGlobalSection
	GlobalSection(ExtensibilityGlobals) = postSolution
		SolutionGuid = {6467994F-BB92-4CCC-B2FE-EED20586A473}
	EndGlobalSection
EndGlobal
